// !$*UTF8*$!
{
	archiveVersion = 1;
	classes = {
	};
	objectVersion = 46;
	objects = {

/* Begin PBXBuildFile section */
		8608E8D11910379D00789497 /* EventEditViewController.m in Sources */ = {isa = PBXBuildFile; fileRef = 8608E8CF1910379D00789497 /* EventEditViewController.m */; };
		8608E8D21910379D00789497 /* EventEditViewController.xib in Resources */ = {isa = PBXBuildFile; fileRef = 8608E8D01910379D00789497 /* EventEditViewController.xib */; };
		86248BA2190D8516004DF2F9 /* CD_CalEvent.m in Sources */ = {isa = PBXBuildFile; fileRef = 86248BA1190D8516004DF2F9 /* CD_CalEvent.m */; };
		862D38AF19081561008693B7 /* Calendar.m in Sources */ = {isa = PBXBuildFile; fileRef = 862D38AE19081561008693B7 /* Calendar.m */; };
		862D38B21908162C008693B7 /* CalendarViewController.m in Sources */ = {isa = PBXBuildFile; fileRef = 862D38B11908162C008693B7 /* CalendarViewController.m */; };
		865F291E18D639EC001F1B00 /* Foundation.framework in Frameworks */ = {isa = PBXBuildFile; fileRef = 865F291D18D639EC001F1B00 /* Foundation.framework */; };
		865F292018D639EC001F1B00 /* CoreGraphics.framework in Frameworks */ = {isa = PBXBuildFile; fileRef = 865F291F18D639EC001F1B00 /* CoreGraphics.framework */; };
		865F292218D639EC001F1B00 /* UIKit.framework in Frameworks */ = {isa = PBXBuildFile; fileRef = 865F292118D639EC001F1B00 /* UIKit.framework */; };
		865F292418D639EC001F1B00 /* CoreData.framework in Frameworks */ = {isa = PBXBuildFile; fileRef = 865F292318D639EC001F1B00 /* CoreData.framework */; };
		865F292A18D639EC001F1B00 /* InfoPlist.strings in Resources */ = {isa = PBXBuildFile; fileRef = 865F292818D639EC001F1B00 /* InfoPlist.strings */; };
		865F292C18D639EC001F1B00 /* main.m in Sources */ = {isa = PBXBuildFile; fileRef = 865F292B18D639EC001F1B00 /* main.m */; };
		865F293018D639EC001F1B00 /* AppDelegate.m in Sources */ = {isa = PBXBuildFile; fileRef = 865F292F18D639EC001F1B00 /* AppDelegate.m */; };
		865F293318D639ED001F1B00 /* CalendarApp.xcdatamodeld in Sources */ = {isa = PBXBuildFile; fileRef = 865F293118D639ED001F1B00 /* CalendarApp.xcdatamodeld */; };
		865F293518D639ED001F1B00 /* Images.xcassets in Resources */ = {isa = PBXBuildFile; fileRef = 865F293418D639ED001F1B00 /* Images.xcassets */; };
		865F293C18D639ED001F1B00 /* XCTest.framework in Frameworks */ = {isa = PBXBuildFile; fileRef = 865F293B18D639ED001F1B00 /* XCTest.framework */; };
		865F293D18D639ED001F1B00 /* Foundation.framework in Frameworks */ = {isa = PBXBuildFile; fileRef = 865F291D18D639EC001F1B00 /* Foundation.framework */; };
		865F293E18D639ED001F1B00 /* UIKit.framework in Frameworks */ = {isa = PBXBuildFile; fileRef = 865F292118D639EC001F1B00 /* UIKit.framework */; };
		865F293F18D639ED001F1B00 /* CoreData.framework in Frameworks */ = {isa = PBXBuildFile; fileRef = 865F292318D639EC001F1B00 /* CoreData.framework */; };
		865F294718D639ED001F1B00 /* InfoPlist.strings in Resources */ = {isa = PBXBuildFile; fileRef = 865F294518D639ED001F1B00 /* InfoPlist.strings */; };
		865F294918D639ED001F1B00 /* CalendarAppTests.m in Sources */ = {isa = PBXBuildFile; fileRef = 865F294818D639ED001F1B00 /* CalendarAppTests.m */; };
		8691D3B6190F7A8E00F1C8CD /* CalendarTabViewController.m in Sources */ = {isa = PBXBuildFile; fileRef = 8691D3B4190F7A8E00F1C8CD /* CalendarTabViewController.m */; };
		8691D3B7190F7A8E00F1C8CD /* CalendarTabViewController.xib in Resources */ = {isa = PBXBuildFile; fileRef = 8691D3B5190F7A8E00F1C8CD /* CalendarTabViewController.xib */; };
		8695BC1318F324AA00AA6A7A /* MenuViewController.m in Sources */ = {isa = PBXBuildFile; fileRef = 8695BC1118F324AA00AA6A7A /* MenuViewController.m */; };
		8695BC1418F324AA00AA6A7A /* MenuViewController.xib in Resources */ = {isa = PBXBuildFile; fileRef = 8695BC1218F324AA00AA6A7A /* MenuViewController.xib */; };
		8695BC1818F324E700AA6A7A /* SettingsViewController.m in Sources */ = {isa = PBXBuildFile; fileRef = 8695BC1618F324E700AA6A7A /* SettingsViewController.m */; };
		8695BC1918F324E700AA6A7A /* SettingsViewController.xib in Resources */ = {isa = PBXBuildFile; fileRef = 8695BC1718F324E700AA6A7A /* SettingsViewController.xib */; };
		8695BC2618F3263E00AA6A7A /* CalendarMonthViewController.m in Sources */ = {isa = PBXBuildFile; fileRef = 8695BC2418F3263E00AA6A7A /* CalendarMonthViewController.m */; };
		8695BC2718F3263E00AA6A7A /* CalendarMonthViewController.xib in Resources */ = {isa = PBXBuildFile; fileRef = 8695BC2518F3263E00AA6A7A /* CalendarMonthViewController.xib */; };
		8695BC2B18F3266400AA6A7A /* CalendarWeekViewController.m in Sources */ = {isa = PBXBuildFile; fileRef = 8695BC2918F3266400AA6A7A /* CalendarWeekViewController.m */; };
		8695BC2C18F3266400AA6A7A /* CalendarWeekViewController.xib in Resources */ = {isa = PBXBuildFile; fileRef = 8695BC2A18F3266400AA6A7A /* CalendarWeekViewController.xib */; };
		8695BC3618F326B900AA6A7A /* CalendarDayViewController.m in Sources */ = {isa = PBXBuildFile; fileRef = 8695BC3418F326B900AA6A7A /* CalendarDayViewController.m */; };
		8695BC3718F326B900AA6A7A /* CalendarDayViewController.xib in Resources */ = {isa = PBXBuildFile; fileRef = 8695BC3518F326B900AA6A7A /* CalendarDayViewController.xib */; };
		8695BC3A18F326E700AA6A7A /* GlobalSettings.m in Sources */ = {isa = PBXBuildFile; fileRef = 8695BC3918F326E700AA6A7A /* GlobalSettings.m */; };
		8695BC3F18F3273200AA6A7A /* CalendarEventViewController.m in Sources */ = {isa = PBXBuildFile; fileRef = 8695BC3D18F3273200AA6A7A /* CalendarEventViewController.m */; };
		8695BC4018F3273200AA6A7A /* CalendarEventViewController.xib in Resources */ = {isa = PBXBuildFile; fileRef = 8695BC3E18F3273200AA6A7A /* CalendarEventViewController.xib */; };
		8695BC4318F3274500AA6A7A /* CalendarEvent.m in Sources */ = {isa = PBXBuildFile; fileRef = 8695BC4218F3274500AA6A7A /* CalendarEvent.m */; };
		8695BC4918F327C200AA6A7A /* NotificationController.m in Sources */ = {isa = PBXBuildFile; fileRef = 8695BC4818F327C200AA6A7A /* NotificationController.m */; };
		8695BC4C18F327D700AA6A7A /* DatabaseController.m in Sources */ = {isa = PBXBuildFile; fileRef = 8695BC4B18F327D700AA6A7A /* DatabaseController.m */; };
/* End PBXBuildFile section */

/* Begin PBXContainerItemProxy section */
		865F294018D639ED001F1B00 /* PBXContainerItemProxy */ = {
			isa = PBXContainerItemProxy;
			containerPortal = 865F291218D639EC001F1B00 /* Project object */;
			proxyType = 1;
			remoteGlobalIDString = 865F291918D639EC001F1B00;
			remoteInfo = CalendarApp;
		};
/* End PBXContainerItemProxy section */

/* Begin PBXFileReference section */
		8608E8CE1910379D00789497 /* EventEditViewController.h */ = {isa = PBXFileReference; fileEncoding = 4; lastKnownFileType = sourcecode.c.h; name = EventEditViewController.h; path = Classes/Calendar/Event/EventEditViewController.h; sourceTree = "<group>"; };
		8608E8CF1910379D00789497 /* EventEditViewController.m */ = {isa = PBXFileReference; fileEncoding = 4; lastKnownFileType = sourcecode.c.objc; name = EventEditViewController.m; path = Classes/Calendar/Event/EventEditViewController.m; sourceTree = "<group>"; };
		8608E8D01910379D00789497 /* EventEditViewController.xib */ = {isa = PBXFileReference; fileEncoding = 4; lastKnownFileType = file.xib; name = EventEditViewController.xib; path = Classes/Calendar/Event/EventEditViewController.xib; sourceTree = "<group>"; };
		86248BA0190D8516004DF2F9 /* CD_CalEvent.h */ = {isa = PBXFileReference; fileEncoding = 4; lastKnownFileType = sourcecode.c.h; name = CD_CalEvent.h; path = Classes/Utility/Database/ManagedObjects/CD_CalEvent.h; sourceTree = "<group>"; };
		86248BA1190D8516004DF2F9 /* CD_CalEvent.m */ = {isa = PBXFileReference; fileEncoding = 4; lastKnownFileType = sourcecode.c.objc; name = CD_CalEvent.m; path = Classes/Utility/Database/ManagedObjects/CD_CalEvent.m; sourceTree = "<group>"; };
		862D38AD19081561008693B7 /* Calendar.h */ = {isa = PBXFileReference; fileEncoding = 4; lastKnownFileType = sourcecode.c.h; name = Calendar.h; path = Classes/Calendar/Calendar.h; sourceTree = "<group>"; };
		862D38AE19081561008693B7 /* Calendar.m */ = {isa = PBXFileReference; fileEncoding = 4; lastKnownFileType = sourcecode.c.objc; name = Calendar.m; path = Classes/Calendar/Calendar.m; sourceTree = "<group>"; };
		862D38B01908162C008693B7 /* CalendarViewController.h */ = {isa = PBXFileReference; fileEncoding = 4; lastKnownFileType = sourcecode.c.h; name = CalendarViewController.h; path = Classes/Calendar/CalendarViewController.h; sourceTree = "<group>"; };
		862D38B11908162C008693B7 /* CalendarViewController.m */ = {isa = PBXFileReference; fileEncoding = 4; lastKnownFileType = sourcecode.c.objc; name = CalendarViewController.m; path = Classes/Calendar/CalendarViewController.m; sourceTree = "<group>"; };
		865F291A18D639EC001F1B00 /* CalendarApp.app */ = {isa = PBXFileReference; explicitFileType = wrapper.application; includeInIndex = 0; path = CalendarApp.app; sourceTree = BUILT_PRODUCTS_DIR; };
		865F291D18D639EC001F1B00 /* Foundation.framework */ = {isa = PBXFileReference; lastKnownFileType = wrapper.framework; name = Foundation.framework; path = System/Library/Frameworks/Foundation.framework; sourceTree = SDKROOT; };
		865F291F18D639EC001F1B00 /* CoreGraphics.framework */ = {isa = PBXFileReference; lastKnownFileType = wrapper.framework; name = CoreGraphics.framework; path = System/Library/Frameworks/CoreGraphics.framework; sourceTree = SDKROOT; };
		865F292118D639EC001F1B00 /* UIKit.framework */ = {isa = PBXFileReference; lastKnownFileType = wrapper.framework; name = UIKit.framework; path = System/Library/Frameworks/UIKit.framework; sourceTree = SDKROOT; };
		865F292318D639EC001F1B00 /* CoreData.framework */ = {isa = PBXFileReference; lastKnownFileType = wrapper.framework; name = CoreData.framework; path = System/Library/Frameworks/CoreData.framework; sourceTree = SDKROOT; };
		865F292718D639EC001F1B00 /* CalendarApp-Info.plist */ = {isa = PBXFileReference; lastKnownFileType = text.plist.xml; path = "CalendarApp-Info.plist"; sourceTree = "<group>"; };
		865F292918D639EC001F1B00 /* en */ = {isa = PBXFileReference; lastKnownFileType = text.plist.strings; name = en; path = en.lproj/InfoPlist.strings; sourceTree = "<group>"; };
		865F292B18D639EC001F1B00 /* main.m */ = {isa = PBXFileReference; lastKnownFileType = sourcecode.c.objc; path = main.m; sourceTree = "<group>"; };
		865F292D18D639EC001F1B00 /* CalendarApp-Prefix.pch */ = {isa = PBXFileReference; lastKnownFileType = sourcecode.c.h; path = "CalendarApp-Prefix.pch"; sourceTree = "<group>"; };
		865F292E18D639EC001F1B00 /* AppDelegate.h */ = {isa = PBXFileReference; lastKnownFileType = sourcecode.c.h; path = AppDelegate.h; sourceTree = "<group>"; };
		865F292F18D639EC001F1B00 /* AppDelegate.m */ = {isa = PBXFileReference; lastKnownFileType = sourcecode.c.objc; path = AppDelegate.m; sourceTree = "<group>"; };
		865F293218D639ED001F1B00 /* CalendarApp.xcdatamodel */ = {isa = PBXFileReference; lastKnownFileType = wrapper.xcdatamodel; path = CalendarApp.xcdatamodel; sourceTree = "<group>"; };
		865F293418D639ED001F1B00 /* Images.xcassets */ = {isa = PBXFileReference; lastKnownFileType = folder.assetcatalog; path = Images.xcassets; sourceTree = "<group>"; };
		865F293A18D639ED001F1B00 /* CalendarAppTests.xctest */ = {isa = PBXFileReference; explicitFileType = wrapper.cfbundle; includeInIndex = 0; path = CalendarAppTests.xctest; sourceTree = BUILT_PRODUCTS_DIR; };
		865F293B18D639ED001F1B00 /* XCTest.framework */ = {isa = PBXFileReference; lastKnownFileType = wrapper.framework; name = XCTest.framework; path = Library/Frameworks/XCTest.framework; sourceTree = DEVELOPER_DIR; };
		865F294418D639ED001F1B00 /* CalendarAppTests-Info.plist */ = {isa = PBXFileReference; lastKnownFileType = text.plist.xml; path = "CalendarAppTests-Info.plist"; sourceTree = "<group>"; };
		865F294618D639ED001F1B00 /* en */ = {isa = PBXFileReference; lastKnownFileType = text.plist.strings; name = en; path = en.lproj/InfoPlist.strings; sourceTree = "<group>"; };
		865F294818D639ED001F1B00 /* CalendarAppTests.m */ = {isa = PBXFileReference; lastKnownFileType = sourcecode.c.objc; path = CalendarAppTests.m; sourceTree = "<group>"; };
		8691D3B3190F7A8E00F1C8CD /* CalendarTabViewController.h */ = {isa = PBXFileReference; fileEncoding = 4; lastKnownFileType = sourcecode.c.h; name = CalendarTabViewController.h; path = Classes/Calendar/CalendarTabViewController.h; sourceTree = "<group>"; };
		8691D3B4190F7A8E00F1C8CD /* CalendarTabViewController.m */ = {isa = PBXFileReference; fileEncoding = 4; lastKnownFileType = sourcecode.c.objc; name = CalendarTabViewController.m; path = Classes/Calendar/CalendarTabViewController.m; sourceTree = "<group>"; };
		8691D3B5190F7A8E00F1C8CD /* CalendarTabViewController.xib */ = {isa = PBXFileReference; fileEncoding = 4; lastKnownFileType = file.xib; name = CalendarTabViewController.xib; path = Classes/Calendar/CalendarTabViewController.xib; sourceTree = "<group>"; };
		8695BC1018F324AA00AA6A7A /* MenuViewController.h */ = {isa = PBXFileReference; fileEncoding = 4; lastKnownFileType = sourcecode.c.h; name = MenuViewController.h; path = Classes/Menu/MenuViewController.h; sourceTree = "<group>"; };
		8695BC1118F324AA00AA6A7A /* MenuViewController.m */ = {isa = PBXFileReference; fileEncoding = 4; lastKnownFileType = sourcecode.c.objc; name = MenuViewController.m; path = Classes/Menu/MenuViewController.m; sourceTree = "<group>"; };
		8695BC1218F324AA00AA6A7A /* MenuViewController.xib */ = {isa = PBXFileReference; fileEncoding = 4; lastKnownFileType = file.xib; name = MenuViewController.xib; path = Classes/Menu/MenuViewController.xib; sourceTree = "<group>"; };
		8695BC1518F324E700AA6A7A /* SettingsViewController.h */ = {isa = PBXFileReference; fileEncoding = 4; lastKnownFileType = sourcecode.c.h; name = SettingsViewController.h; path = Classes/Settings/SettingsViewController.h; sourceTree = "<group>"; };
		8695BC1618F324E700AA6A7A /* SettingsViewController.m */ = {isa = PBXFileReference; fileEncoding = 4; lastKnownFileType = sourcecode.c.objc; name = SettingsViewController.m; path = Classes/Settings/SettingsViewController.m; sourceTree = "<group>"; };
		8695BC1718F324E700AA6A7A /* SettingsViewController.xib */ = {isa = PBXFileReference; fileEncoding = 4; lastKnownFileType = file.xib; name = SettingsViewController.xib; path = Classes/Settings/SettingsViewController.xib; sourceTree = "<group>"; };
		8695BC2318F3263E00AA6A7A /* CalendarMonthViewController.h */ = {isa = PBXFileReference; fileEncoding = 4; lastKnownFileType = sourcecode.c.h; name = CalendarMonthViewController.h; path = Classes/Calendar/Views/CalendarMonthViewController.h; sourceTree = "<group>"; };
		8695BC2418F3263E00AA6A7A /* CalendarMonthViewController.m */ = {isa = PBXFileReference; fileEncoding = 4; lastKnownFileType = sourcecode.c.objc; name = CalendarMonthViewController.m; path = Classes/Calendar/Views/CalendarMonthViewController.m; sourceTree = "<group>"; };
		8695BC2518F3263E00AA6A7A /* CalendarMonthViewController.xib */ = {isa = PBXFileReference; fileEncoding = 4; lastKnownFileType = file.xib; name = CalendarMonthViewController.xib; path = Classes/Calendar/Views/CalendarMonthViewController.xib; sourceTree = "<group>"; };
		8695BC2818F3266400AA6A7A /* CalendarWeekViewController.h */ = {isa = PBXFileReference; fileEncoding = 4; lastKnownFileType = sourcecode.c.h; name = CalendarWeekViewController.h; path = Classes/Calendar/Views/CalendarWeekViewController.h; sourceTree = "<group>"; };
		8695BC2918F3266400AA6A7A /* CalendarWeekViewController.m */ = {isa = PBXFileReference; fileEncoding = 4; lastKnownFileType = sourcecode.c.objc; name = CalendarWeekViewController.m; path = Classes/Calendar/Views/CalendarWeekViewController.m; sourceTree = "<group>"; };
		8695BC2A18F3266400AA6A7A /* CalendarWeekViewController.xib */ = {isa = PBXFileReference; fileEncoding = 4; lastKnownFileType = file.xib; name = CalendarWeekViewController.xib; path = Classes/Calendar/Views/CalendarWeekViewController.xib; sourceTree = "<group>"; };
		8695BC3318F326B900AA6A7A /* CalendarDayViewController.h */ = {isa = PBXFileReference; fileEncoding = 4; lastKnownFileType = sourcecode.c.h; name = CalendarDayViewController.h; path = Classes/Calendar/Views/CalendarDayViewController.h; sourceTree = "<group>"; };
		8695BC3418F326B900AA6A7A /* CalendarDayViewController.m */ = {isa = PBXFileReference; fileEncoding = 4; lastKnownFileType = sourcecode.c.objc; name = CalendarDayViewController.m; path = Classes/Calendar/Views/CalendarDayViewController.m; sourceTree = "<group>"; };
		8695BC3518F326B900AA6A7A /* CalendarDayViewController.xib */ = {isa = PBXFileReference; fileEncoding = 4; lastKnownFileType = file.xib; name = CalendarDayViewController.xib; path = Classes/Calendar/Views/CalendarDayViewController.xib; sourceTree = "<group>"; };
		8695BC3818F326E700AA6A7A /* GlobalSettings.h */ = {isa = PBXFileReference; fileEncoding = 4; lastKnownFileType = sourcecode.c.h; name = GlobalSettings.h; path = Classes/Settings/GlobalSettings.h; sourceTree = "<group>"; };
		8695BC3918F326E700AA6A7A /* GlobalSettings.m */ = {isa = PBXFileReference; fileEncoding = 4; lastKnownFileType = sourcecode.c.objc; name = GlobalSettings.m; path = Classes/Settings/GlobalSettings.m; sourceTree = "<group>"; };
		8695BC3C18F3273200AA6A7A /* CalendarEventViewController.h */ = {isa = PBXFileReference; fileEncoding = 4; lastKnownFileType = sourcecode.c.h; name = CalendarEventViewController.h; path = Classes/Calendar/Event/CalendarEventViewController.h; sourceTree = "<group>"; };
		8695BC3D18F3273200AA6A7A /* CalendarEventViewController.m */ = {isa = PBXFileReference; fileEncoding = 4; lastKnownFileType = sourcecode.c.objc; name = CalendarEventViewController.m; path = Classes/Calendar/Event/CalendarEventViewController.m; sourceTree = "<group>"; };
		8695BC3E18F3273200AA6A7A /* CalendarEventViewController.xib */ = {isa = PBXFileReference; fileEncoding = 4; lastKnownFileType = file.xib; name = CalendarEventViewController.xib; path = Classes/Calendar/Event/CalendarEventViewController.xib; sourceTree = "<group>"; };
		8695BC4118F3274500AA6A7A /* CalendarEvent.h */ = {isa = PBXFileReference; fileEncoding = 4; lastKnownFileType = sourcecode.c.h; name = CalendarEvent.h; path = Classes/Calendar/Event/CalendarEvent.h; sourceTree = "<group>"; };
		8695BC4218F3274500AA6A7A /* CalendarEvent.m */ = {isa = PBXFileReference; fileEncoding = 4; lastKnownFileType = sourcecode.c.objc; name = CalendarEvent.m; path = Classes/Calendar/Event/CalendarEvent.m; sourceTree = "<group>"; };
		8695BC4718F327C200AA6A7A /* NotificationController.h */ = {isa = PBXFileReference; fileEncoding = 4; lastKnownFileType = sourcecode.c.h; name = NotificationController.h; path = Classes/Utility/Notifications/NotificationController.h; sourceTree = "<group>"; };
		8695BC4818F327C200AA6A7A /* NotificationController.m */ = {isa = PBXFileReference; fileEncoding = 4; lastKnownFileType = sourcecode.c.objc; name = NotificationController.m; path = Classes/Utility/Notifications/NotificationController.m; sourceTree = "<group>"; };
		8695BC4A18F327D700AA6A7A /* DatabaseController.h */ = {isa = PBXFileReference; fileEncoding = 4; lastKnownFileType = sourcecode.c.h; name = DatabaseController.h; path = Classes/Utility/Database/DatabaseController.h; sourceTree = "<group>"; };
		8695BC4B18F327D700AA6A7A /* DatabaseController.m */ = {isa = PBXFileReference; fileEncoding = 4; lastKnownFileType = sourcecode.c.objc; name = DatabaseController.m; path = Classes/Utility/Database/DatabaseController.m; sourceTree = "<group>"; };
/* End PBXFileReference section */

/* Begin PBXFrameworksBuildPhase section */
		865F291718D639EC001F1B00 /* Frameworks */ = {
			isa = PBXFrameworksBuildPhase;
			buildActionMask = 2147483647;
			files = (
				865F292018D639EC001F1B00 /* CoreGraphics.framework in Frameworks */,
				865F292418D639EC001F1B00 /* CoreData.framework in Frameworks */,
				865F292218D639EC001F1B00 /* UIKit.framework in Frameworks */,
				865F291E18D639EC001F1B00 /* Foundation.framework in Frameworks */,
			);
			runOnlyForDeploymentPostprocessing = 0;
		};
		865F293718D639ED001F1B00 /* Frameworks */ = {
			isa = PBXFrameworksBuildPhase;
			buildActionMask = 2147483647;
			files = (
				865F293C18D639ED001F1B00 /* XCTest.framework in Frameworks */,
				865F293F18D639ED001F1B00 /* CoreData.framework in Frameworks */,
				865F293E18D639ED001F1B00 /* UIKit.framework in Frameworks */,
				865F293D18D639ED001F1B00 /* Foundation.framework in Frameworks */,
			);
			runOnlyForDeploymentPostprocessing = 0;
		};
/* End PBXFrameworksBuildPhase section */

/* Begin PBXGroup section */
		86248B9F190D84E5004DF2F9 /* ManagedObjects */ = {
			isa = PBXGroup;
			children = (
				86248BA0190D8516004DF2F9 /* CD_CalEvent.h */,
				86248BA1190D8516004DF2F9 /* CD_CalEvent.m */,
			);
			name = ManagedObjects;
			sourceTree = "<group>";
		};
		865F291118D639EC001F1B00 = {
			isa = PBXGroup;
			children = (
				865F292518D639EC001F1B00 /* CalendarApp */,
				865F294218D639ED001F1B00 /* CalendarAppTests */,
				865F291C18D639EC001F1B00 /* Frameworks */,
				865F291B18D639EC001F1B00 /* Products */,
			);
			sourceTree = "<group>";
		};
		865F291B18D639EC001F1B00 /* Products */ = {
			isa = PBXGroup;
			children = (
				865F291A18D639EC001F1B00 /* CalendarApp.app */,
				865F293A18D639ED001F1B00 /* CalendarAppTests.xctest */,
			);
			name = Products;
			sourceTree = "<group>";
		};
		865F291C18D639EC001F1B00 /* Frameworks */ = {
			isa = PBXGroup;
			children = (
				865F291D18D639EC001F1B00 /* Foundation.framework */,
				865F291F18D639EC001F1B00 /* CoreGraphics.framework */,
				865F292118D639EC001F1B00 /* UIKit.framework */,
				865F292318D639EC001F1B00 /* CoreData.framework */,
				865F293B18D639ED001F1B00 /* XCTest.framework */,
			);
			name = Frameworks;
			sourceTree = "<group>";
		};
		865F292518D639EC001F1B00 /* CalendarApp */ = {
			isa = PBXGroup;
			children = (
				8695BC0218F3212F00AA6A7A /* Classes */,
				865F292E18D639EC001F1B00 /* AppDelegate.h */,
				865F292F18D639EC001F1B00 /* AppDelegate.m */,
				865F293418D639ED001F1B00 /* Images.xcassets */,
				865F293118D639ED001F1B00 /* CalendarApp.xcdatamodeld */,
				865F292618D639EC001F1B00 /* Supporting Files */,
			);
			path = CalendarApp;
			sourceTree = "<group>";
		};
		865F292618D639EC001F1B00 /* Supporting Files */ = {
			isa = PBXGroup;
			children = (
				865F292718D639EC001F1B00 /* CalendarApp-Info.plist */,
				865F292818D639EC001F1B00 /* InfoPlist.strings */,
				865F292B18D639EC001F1B00 /* main.m */,
				865F292D18D639EC001F1B00 /* CalendarApp-Prefix.pch */,
			);
			name = "Supporting Files";
			sourceTree = "<group>";
		};
		865F294218D639ED001F1B00 /* CalendarAppTests */ = {
			isa = PBXGroup;
			children = (
				865F294818D639ED001F1B00 /* CalendarAppTests.m */,
				865F294318D639ED001F1B00 /* Supporting Files */,
			);
			path = CalendarAppTests;
			sourceTree = "<group>";
		};
		865F294318D639ED001F1B00 /* Supporting Files */ = {
			isa = PBXGroup;
			children = (
				865F294418D639ED001F1B00 /* CalendarAppTests-Info.plist */,
				865F294518D639ED001F1B00 /* InfoPlist.strings */,
			);
			name = "Supporting Files";
			sourceTree = "<group>";
		};
		8695BC0218F3212F00AA6A7A /* Classes */ = {
			isa = PBXGroup;
			children = (
				8695BC4418F3278C00AA6A7A /* Utility */,
				8695BC0F18F3244A00AA6A7A /* Calendar */,
				8695BC0E18F3244300AA6A7A /* Settings */,
				8695BC0318F3213800AA6A7A /* Menu */,
			);
			name = Classes;
			sourceTree = "<group>";
		};
		8695BC0318F3213800AA6A7A /* Menu */ = {
			isa = PBXGroup;
			children = (
				8695BC1018F324AA00AA6A7A /* MenuViewController.h */,
				8695BC1118F324AA00AA6A7A /* MenuViewController.m */,
				8695BC1218F324AA00AA6A7A /* MenuViewController.xib */,
			);
			name = Menu;
			sourceTree = "<group>";
		};
		8695BC0E18F3244300AA6A7A /* Settings */ = {
			isa = PBXGroup;
			children = (
				8695BC3818F326E700AA6A7A /* GlobalSettings.h */,
				8695BC3918F326E700AA6A7A /* GlobalSettings.m */,
				8695BC1518F324E700AA6A7A /* SettingsViewController.h */,
				8695BC1618F324E700AA6A7A /* SettingsViewController.m */,
				8695BC1718F324E700AA6A7A /* SettingsViewController.xib */,
			);
			name = Settings;
			sourceTree = "<group>";
		};
		8695BC0F18F3244A00AA6A7A /* Calendar */ = {
			isa = PBXGroup;
			children = (
				8695BC3B18F326FA00AA6A7A /* Event */,
				8695BC2218F325CC00AA6A7A /* Views */,
				862D38AD19081561008693B7 /* Calendar.h */,
				862D38AE19081561008693B7 /* Calendar.m */,
			);
			name = Calendar;
			sourceTree = "<group>";
		};
		8695BC2218F325CC00AA6A7A /* Views */ = {
			isa = PBXGroup;
			children = (
				862D38B01908162C008693B7 /* CalendarViewController.h */,
				862D38B11908162C008693B7 /* CalendarViewController.m */,
				8695BC3218F3269700AA6A7A /* Day */,
				8695BC2E18F3267400AA6A7A /* Week */,
				8695BC2D18F3266800AA6A7A /* Month */,
				8691D3B3190F7A8E00F1C8CD /* CalendarTabViewController.h */,
				8691D3B4190F7A8E00F1C8CD /* CalendarTabViewController.m */,
				8691D3B5190F7A8E00F1C8CD /* CalendarTabViewController.xib */,
			);
			name = Views;
			sourceTree = "<group>";
		};
		8695BC2D18F3266800AA6A7A /* Month */ = {
			isa = PBXGroup;
			children = (
				8695BC2318F3263E00AA6A7A /* CalendarMonthViewController.h */,
				8695BC2418F3263E00AA6A7A /* CalendarMonthViewController.m */,
				8695BC2518F3263E00AA6A7A /* CalendarMonthViewController.xib */,
			);
			name = Month;
			sourceTree = "<group>";
		};
		8695BC2E18F3267400AA6A7A /* Week */ = {
			isa = PBXGroup;
			children = (
				8695BC2818F3266400AA6A7A /* CalendarWeekViewController.h */,
				8695BC2918F3266400AA6A7A /* CalendarWeekViewController.m */,
				8695BC2A18F3266400AA6A7A /* CalendarWeekViewController.xib */,
			);
			name = Week;
			sourceTree = "<group>";
		};
		8695BC3218F3269700AA6A7A /* Day */ = {
			isa = PBXGroup;
			children = (
				8695BC3318F326B900AA6A7A /* CalendarDayViewController.h */,
				8695BC3418F326B900AA6A7A /* CalendarDayViewController.m */,
				8695BC3518F326B900AA6A7A /* CalendarDayViewController.xib */,
			);
			name = Day;
			sourceTree = "<group>";
		};
		8695BC3B18F326FA00AA6A7A /* Event */ = {
			isa = PBXGroup;
			children = (
				8695BC4118F3274500AA6A7A /* CalendarEvent.h */,
				8695BC4218F3274500AA6A7A /* CalendarEvent.m */,
				8695BC3C18F3273200AA6A7A /* CalendarEventViewController.h */,
				8695BC3D18F3273200AA6A7A /* CalendarEventViewController.m */,
				8695BC3E18F3273200AA6A7A /* CalendarEventViewController.xib */,
				8608E8CE1910379D00789497 /* EventEditViewController.h */,
				8608E8CF1910379D00789497 /* EventEditViewController.m */,
				8608E8D01910379D00789497 /* EventEditViewController.xib */,
			);
			name = Event;
			sourceTree = "<group>";
		};
		8695BC4418F3278C00AA6A7A /* Utility */ = {
			isa = PBXGroup;
			children = (
				8695BC4618F3279B00AA6A7A /* Notification */,
				8695BC4518F3279400AA6A7A /* Database */,
			);
			name = Utility;
			sourceTree = "<group>";
		};
		8695BC4518F3279400AA6A7A /* Database */ = {
			isa = PBXGroup;
			children = (
				86248B9F190D84E5004DF2F9 /* ManagedObjects */,
				8695BC4A18F327D700AA6A7A /* DatabaseController.h */,
				8695BC4B18F327D700AA6A7A /* DatabaseController.m */,
			);
			name = Database;
			sourceTree = "<group>";
		};
		8695BC4618F3279B00AA6A7A /* Notification */ = {
			isa = PBXGroup;
			children = (
				8695BC4718F327C200AA6A7A /* NotificationController.h */,
				8695BC4818F327C200AA6A7A /* NotificationController.m */,
			);
			name = Notification;
			sourceTree = "<group>";
		};
/* End PBXGroup section */

/* Begin PBXNativeTarget section */
		865F291918D639EC001F1B00 /* CalendarApp */ = {
			isa = PBXNativeTarget;
			buildConfigurationList = 865F294C18D639ED001F1B00 /* Build configuration list for PBXNativeTarget "CalendarApp" */;
			buildPhases = (
				865F291618D639EC001F1B00 /* Sources */,
				865F291718D639EC001F1B00 /* Frameworks */,
				865F291818D639EC001F1B00 /* Resources */,
			);
			buildRules = (
			);
			dependencies = (
			);
			name = CalendarApp;
			productName = CalendarApp;
			productReference = 865F291A18D639EC001F1B00 /* CalendarApp.app */;
			productType = "com.apple.product-type.application";
		};
		865F293918D639ED001F1B00 /* CalendarAppTests */ = {
			isa = PBXNativeTarget;
			buildConfigurationList = 865F294F18D639ED001F1B00 /* Build configuration list for PBXNativeTarget "CalendarAppTests" */;
			buildPhases = (
				865F293618D639ED001F1B00 /* Sources */,
				865F293718D639ED001F1B00 /* Frameworks */,
				865F293818D639ED001F1B00 /* Resources */,
			);
			buildRules = (
			);
			dependencies = (
				865F294118D639ED001F1B00 /* PBXTargetDependency */,
			);
			name = CalendarAppTests;
			productName = CalendarAppTests;
			productReference = 865F293A18D639ED001F1B00 /* CalendarAppTests.xctest */;
			productType = "com.apple.product-type.bundle.unit-test";
		};
/* End PBXNativeTarget section */

/* Begin PBXProject section */
		865F291218D639EC001F1B00 /* Project object */ = {
			isa = PBXProject;
			attributes = {
				LastUpgradeCheck = 0500;
				ORGANIZATIONNAME = "Daniel Morrissey";
				TargetAttributes = {
					865F291918D639EC001F1B00 = {
						DevelopmentTeam = 46Y94E9777;
					};
					865F293918D639ED001F1B00 = {
						TestTargetID = 865F291918D639EC001F1B00;
					};
				};
			};
			buildConfigurationList = 865F291518D639EC001F1B00 /* Build configuration list for PBXProject "CalendarApp" */;
			compatibilityVersion = "Xcode 3.2";
			developmentRegion = English;
			hasScannedForEncodings = 0;
			knownRegions = (
				en,
			);
			mainGroup = 865F291118D639EC001F1B00;
			productRefGroup = 865F291B18D639EC001F1B00 /* Products */;
			projectDirPath = "";
			projectRoot = "";
			targets = (
				865F291918D639EC001F1B00 /* CalendarApp */,
				865F293918D639ED001F1B00 /* CalendarAppTests */,
			);
		};
/* End PBXProject section */

/* Begin PBXResourcesBuildPhase section */
		865F291818D639EC001F1B00 /* Resources */ = {
			isa = PBXResourcesBuildPhase;
			buildActionMask = 2147483647;
			files = (
				865F292A18D639EC001F1B00 /* InfoPlist.strings in Resources */,
				8695BC1418F324AA00AA6A7A /* MenuViewController.xib in Resources */,
				8691D3B7190F7A8E00F1C8CD /* CalendarTabViewController.xib in Resources */,
				865F293518D639ED001F1B00 /* Images.xcassets in Resources */,
				8695BC4018F3273200AA6A7A /* CalendarEventViewController.xib in Resources */,
				8608E8D21910379D00789497 /* EventEditViewController.xib in Resources */,
				8695BC3718F326B900AA6A7A /* CalendarDayViewController.xib in Resources */,
				8695BC1918F324E700AA6A7A /* SettingsViewController.xib in Resources */,
				8695BC2C18F3266400AA6A7A /* CalendarWeekViewController.xib in Resources */,
				8695BC2718F3263E00AA6A7A /* CalendarMonthViewController.xib in Resources */,
			);
			runOnlyForDeploymentPostprocessing = 0;
		};
		865F293818D639ED001F1B00 /* Resources */ = {
			isa = PBXResourcesBuildPhase;
			buildActionMask = 2147483647;
			files = (
				865F294718D639ED001F1B00 /* InfoPlist.strings in Resources */,
			);
			runOnlyForDeploymentPostprocessing = 0;
		};
/* End PBXResourcesBuildPhase section */

/* Begin PBXSourcesBuildPhase section */
		865F291618D639EC001F1B00 /* Sources */ = {
			isa = PBXSourcesBuildPhase;
			buildActionMask = 2147483647;
			files = (
				865F293318D639ED001F1B00 /* CalendarApp.xcdatamodeld in Sources */,
				865F293018D639EC001F1B00 /* AppDelegate.m in Sources */,
				8691D3B6190F7A8E00F1C8CD /* CalendarTabViewController.m in Sources */,
				8695BC2618F3263E00AA6A7A /* CalendarMonthViewController.m in Sources */,
				8695BC1818F324E700AA6A7A /* SettingsViewController.m in Sources */,
				8695BC3618F326B900AA6A7A /* CalendarDayViewController.m in Sources */,
				8695BC2B18F3266400AA6A7A /* CalendarWeekViewController.m in Sources */,
				8695BC3F18F3273200AA6A7A /* CalendarEventViewController.m in Sources */,
				865F292C18D639EC001F1B00 /* main.m in Sources */,
				86248BA2190D8516004DF2F9 /* CD_CalEvent.m in Sources */,
				8695BC1318F324AA00AA6A7A /* MenuViewController.m in Sources */,
				8608E8D11910379D00789497 /* EventEditViewController.m in Sources */,
				8695BC4C18F327D700AA6A7A /* DatabaseController.m in Sources */,
				8695BC4918F327C200AA6A7A /* NotificationController.m in Sources */,
				862D38B21908162C008693B7 /* CalendarViewController.m in Sources */,
				862D38AF19081561008693B7 /* Calendar.m in Sources */,
				8695BC4318F3274500AA6A7A /* CalendarEvent.m in Sources */,
				8695BC3A18F326E700AA6A7A /* GlobalSettings.m in Sources */,
			);
			runOnlyForDeploymentPostprocessing = 0;
		};
		865F293618D639ED001F1B00 /* Sources */ = {
			isa = PBXSourcesBuildPhase;
			buildActionMask = 2147483647;
			files = (
				865F294918D639ED001F1B00 /* CalendarAppTests.m in Sources */,
			);
			runOnlyForDeploymentPostprocessing = 0;
		};
/* End PBXSourcesBuildPhase section */

/* Begin PBXTargetDependency section */
		865F294118D639ED001F1B00 /* PBXTargetDependency */ = {
			isa = PBXTargetDependency;
			target = 865F291918D639EC001F1B00 /* CalendarApp */;
			targetProxy = 865F294018D639ED001F1B00 /* PBXContainerItemProxy */;
		};
/* End PBXTargetDependency section */

/* Begin PBXVariantGroup section */
		865F292818D639EC001F1B00 /* InfoPlist.strings */ = {
			isa = PBXVariantGroup;
			children = (
				865F292918D639EC001F1B00 /* en */,
			);
			name = InfoPlist.strings;
			sourceTree = "<group>";
		};
		865F294518D639ED001F1B00 /* InfoPlist.strings */ = {
			isa = PBXVariantGroup;
			children = (
				865F294618D639ED001F1B00 /* en */,
			);
			name = InfoPlist.strings;
			sourceTree = "<group>";
		};
/* End PBXVariantGroup section */

/* Begin XCBuildConfiguration section */
		865F294A18D639ED001F1B00 /* Debug */ = {
			isa = XCBuildConfiguration;
			buildSettings = {
				ALWAYS_SEARCH_USER_PATHS = NO;
				ARCHS = "$(ARCHS_STANDARD_INCLUDING_64_BIT)";
				CLANG_CXX_LANGUAGE_STANDARD = "gnu++0x";
				CLANG_CXX_LIBRARY = "libc++";
				CLANG_ENABLE_MODULES = YES;
				CLANG_ENABLE_OBJC_ARC = YES;
				CLANG_WARN_BOOL_CONVERSION = YES;
				CLANG_WARN_CONSTANT_CONVERSION = YES;
				CLANG_WARN_DIRECT_OBJC_ISA_USAGE = YES_ERROR;
				CLANG_WARN_EMPTY_BODY = YES;
				CLANG_WARN_ENUM_CONVERSION = YES;
				CLANG_WARN_INT_CONVERSION = YES;
				CLANG_WARN_OBJC_ROOT_CLASS = YES_ERROR;
				CLANG_WARN__DUPLICATE_METHOD_MATCH = YES;
				"CODE_SIGN_IDENTITY[sdk=iphoneos*]" = "iPhone Developer";
				COPY_PHASE_STRIP = NO;
				GCC_C_LANGUAGE_STANDARD = gnu99;
				GCC_DYNAMIC_NO_PIC = NO;
				GCC_OPTIMIZATION_LEVEL = 0;
				GCC_PREPROCESSOR_DEFINITIONS = (
					"DEBUG=1",
					"$(inherited)",
				);
				GCC_SYMBOLS_PRIVATE_EXTERN = NO;
				GCC_WARN_64_TO_32_BIT_CONVERSION = YES;
				GCC_WARN_ABOUT_RETURN_TYPE = YES_ERROR;
				GCC_WARN_UNDECLARED_SELECTOR = YES;
				GCC_WARN_UNINITIALIZED_AUTOS = YES;
				GCC_WARN_UNUSED_FUNCTION = YES;
				GCC_WARN_UNUSED_VARIABLE = YES;
				IPHONEOS_DEPLOYMENT_TARGET = 7.0;
				ONLY_ACTIVE_ARCH = YES;
				SDKROOT = iphoneos;
				TARGETED_DEVICE_FAMILY = "1,2";
			};
			name = Debug;
		};
		865F294B18D639ED001F1B00 /* Release */ = {
			isa = XCBuildConfiguration;
			buildSettings = {
				ALWAYS_SEARCH_USER_PATHS = NO;
				ARCHS = "$(ARCHS_STANDARD_INCLUDING_64_BIT)";
				CLANG_CXX_LANGUAGE_STANDARD = "gnu++0x";
				CLANG_CXX_LIBRARY = "libc++";
				CLANG_ENABLE_MODULES = YES;
				CLANG_ENABLE_OBJC_ARC = YES;
				CLANG_WARN_BOOL_CONVERSION = YES;
				CLANG_WARN_CONSTANT_CONVERSION = YES;
				CLANG_WARN_DIRECT_OBJC_ISA_USAGE = YES_ERROR;
				CLANG_WARN_EMPTY_BODY = YES;
				CLANG_WARN_ENUM_CONVERSION = YES;
				CLANG_WARN_INT_CONVERSION = YES;
				CLANG_WARN_OBJC_ROOT_CLASS = YES_ERROR;
				CLANG_WARN__DUPLICATE_METHOD_MATCH = YES;
				"CODE_SIGN_IDENTITY[sdk=iphoneos*]" = "iPhone Developer";
				COPY_PHASE_STRIP = YES;
				ENABLE_NS_ASSERTIONS = NO;
				GCC_C_LANGUAGE_STANDARD = gnu99;
				GCC_WARN_64_TO_32_BIT_CONVERSION = YES;
				GCC_WARN_ABOUT_RETURN_TYPE = YES_ERROR;
				GCC_WARN_UNDECLARED_SELECTOR = YES;
				GCC_WARN_UNINITIALIZED_AUTOS = YES;
				GCC_WARN_UNUSED_FUNCTION = YES;
				GCC_WARN_UNUSED_VARIABLE = YES;
				IPHONEOS_DEPLOYMENT_TARGET = 7.0;
				SDKROOT = iphoneos;
				TARGETED_DEVICE_FAMILY = "1,2";
				VALIDATE_PRODUCT = YES;
			};
			name = Release;
		};
		865F294D18D639ED001F1B00 /* Debug */ = {
			isa = XCBuildConfiguration;
			buildSettings = {
				ASSETCATALOG_COMPILER_APPICON_NAME = AppIcon;
				ASSETCATALOG_COMPILER_LAUNCHIMAGE_NAME = LaunchImage;
				CODE_SIGN_IDENTITY = "iPhone Developer";
				GCC_PRECOMPILE_PREFIX_HEADER = YES;
				GCC_PREFIX_HEADER = "CalendarApp/CalendarApp-Prefix.pch";
				INFOPLIST_FILE = "CalendarApp/CalendarApp-Info.plist";
				PRODUCT_NAME = "$(TARGET_NAME)";
				WRAPPER_EXTENSION = app;
			};
			name = Debug;
		};
		865F294E18D639ED001F1B00 /* Release */ = {
			isa = XCBuildConfiguration;
			buildSettings = {
				ASSETCATALOG_COMPILER_APPICON_NAME = AppIcon;
				ASSETCATALOG_COMPILER_LAUNCHIMAGE_NAME = LaunchImage;
				CODE_SIGN_IDENTITY = "iPhone Developer";
				GCC_PRECOMPILE_PREFIX_HEADER = YES;
				GCC_PREFIX_HEADER = "CalendarApp/CalendarApp-Prefix.pch";
				INFOPLIST_FILE = "CalendarApp/CalendarApp-Info.plist";
				PRODUCT_NAME = "$(TARGET_NAME)";
				WRAPPER_EXTENSION = app;
			};
			name = Release;
		};
		865F295018D639ED001F1B00 /* Debug */ = {
			isa = XCBuildConfiguration;
			buildSettings = {
				ARCHS = "$(ARCHS_STANDARD_INCLUDING_64_BIT)";
				BUNDLE_LOADER = "$(BUILT_PRODUCTS_DIR)/CalendarApp.app/CalendarApp";
				FRAMEWORK_SEARCH_PATHS = (
					"$(SDKROOT)/Developer/Library/Frameworks",
					"$(inherited)",
					"$(DEVELOPER_FRAMEWORKS_DIR)",
				);
				GCC_PRECOMPILE_PREFIX_HEADER = YES;
				GCC_PREFIX_HEADER = "CalendarApp/CalendarApp-Prefix.pch";
				GCC_PREPROCESSOR_DEFINITIONS = (
					"DEBUG=1",
					"$(inherited)",
				);
				INFOPLIST_FILE = "CalendarAppTests/CalendarAppTests-Info.plist";
				PRODUCT_NAME = "$(TARGET_NAME)";
				TEST_HOST = "$(BUNDLE_LOADER)";
				WRAPPER_EXTENSION = xctest;
			};
			name = Debug;
		};
		865F295118D639ED001F1B00 /* Release */ = {
			isa = XCBuildConfiguration;
			buildSettings = {
				ARCHS = "$(ARCHS_STANDARD_INCLUDING_64_BIT)";
				BUNDLE_LOADER = "$(BUILT_PRODUCTS_DIR)/CalendarApp.app/CalendarApp";
				FRAMEWORK_SEARCH_PATHS = (
					"$(SDKROOT)/Developer/Library/Frameworks",
					"$(inherited)",
					"$(DEVELOPER_FRAMEWORKS_DIR)",
				);
				GCC_PRECOMPILE_PREFIX_HEADER = YES;
				GCC_PREFIX_HEADER = "CalendarApp/CalendarApp-Prefix.pch";
				INFOPLIST_FILE = "CalendarAppTests/CalendarAppTests-Info.plist";
				PRODUCT_NAME = "$(TARGET_NAME)";
				TEST_HOST = "$(BUNDLE_LOADER)";
				WRAPPER_EXTENSION = xctest;
			};
			name = Release;
		};
/* End XCBuildConfiguration section */

/* Begin XCConfigurationList section */
		865F291518D639EC001F1B00 /* Build configuration list for PBXProject "CalendarApp" */ = {
			isa = XCConfigurationList;
			buildConfigurations = (
				865F294A18D639ED001F1B00 /* Debug */,
				865F294B18D639ED001F1B00 /* Release */,
			);
			defaultConfigurationIsVisible = 0;
			defaultConfigurationName = Release;
		};
		865F294C18D639ED001F1B00 /* Build configuration list for PBXNativeTarget "CalendarApp" */ = {
			isa = XCConfigurationList;
			buildConfigurations = (
				865F294D18D639ED001F1B00 /* Debug */,
				865F294E18D639ED001F1B00 /* Release */,
			);
			defaultConfigurationIsVisible = 0;
			defaultConfigurationName = Release;
		};
		865F294F18D639ED001F1B00 /* Build configuration list for PBXNativeTarget "CalendarAppTests" */ = {
			isa = XCConfigurationList;
			buildConfigurations = (
				865F295018D639ED001F1B00 /* Debug */,
				865F295118D639ED001F1B00 /* Release */,
			);
			defaultConfigurationIsVisible = 0;
			defaultConfigurationName = Release;
		};
/* End XCConfigurationList section */

/* Begin XCVersionGroup section */
		865F293118D639ED001F1B00 /* CalendarApp.xcdatamodeld */ = {
			isa = XCVersionGroup;
			children = (
				865F293218D639ED001F1B00 /* CalendarApp.xcdatamodel */,
			);
			currentVersion = 865F293218D639ED001F1B00 /* CalendarApp.xcdatamodel */;
			path = CalendarApp.xcdatamodeld;
			sourceTree = "<group>";
			versionGroupType = wrapper.xcdatamodel;
		};
/* End XCVersionGroup section */
	};
	rootObject = 865F291218D639EC001F1B00 /* Project object */;
}
